
Microsoft Visual Studio Solution File, Format Version 12.00
# Visual Studio 15
VisualStudioVersion = 15.0.26430.12
MinimumVisualStudioVersion = 15.0.26124.0
Project("{9A19103F-16F7-4668-BE54-9A1E7A4F7556}") = "EasyConfig.Net.Core", "EasyConfig.Net.Core\EasyConfig.Net.Core.csproj", "{5EC3B851-E654-4370-89EF-9ED1EF0805B9}"
EndProject
Project("{FAE04EC0-301F-11D3-BF4B-00C04F79EFBC}") = "EasyConfig.UnitTests", "EasyConfig.UnitTests\EasyConfig.UnitTests.csproj", "{DDAB69D3-C31F-41F5-B9F5-12C5D89CF419}"
EndProject
Global
	GlobalSection(SolutionConfigurationPlatforms) = preSolution
		Debug|Any CPU = Debug|Any CPU
		Debug|x64 = Debug|x64
		Debug|x86 = Debug|x86
		Release|Any CPU = Release|Any CPU
		Release|x64 = Release|x64
		Release|x86 = Release|x86
	EndGlobalSection
	GlobalSection(ProjectConfigurationPlatforms) = postSolution
		{5EC3B851-E654-4370-89EF-9ED1EF0805B9}.Debug|Any CPU.ActiveCfg = Debug|Any CPU
		{5EC3B851-E654-4370-89EF-9ED1EF0805B9}.Debug|Any CPU.Build.0 = Debug|Any CPU
		{5EC3B851-E654-4370-89EF-9ED1EF0805B9}.Debug|x64.ActiveCfg = Debug|Any CPU
		{5EC3B851-E654-4370-89EF-9ED1EF0805B9}.Debug|x64.Build.0 = Debug|Any CPU
		{5EC3B851-E654-4370-89EF-9ED1EF0805B9}.Debug|x86.ActiveCfg = Debug|Any CPU
		{5EC3B851-E654-4370-89EF-9ED1EF0805B9}.Debug|x86.Build.0 = Debug|Any CPU
		{5EC3B851-E654-4370-89EF-9ED1EF0805B9}.Release|Any CPU.ActiveCfg = Release|Any CPU
		{5EC3B851-E654-4370-89EF-9ED1EF0805B9}.Release|Any CPU.Build.0 = Release|Any CPU
		{5EC3B851-E654-4370-89EF-9ED1EF0805B9}.Release|x64.ActiveCfg = Release|Any CPU
		{5EC3B851-E654-4370-89EF-9ED1EF0805B9}.Release|x64.Build.0 = Release|Any CPU
		{5EC3B851-E654-4370-89EF-9ED1EF0805B9}.Release|x86.ActiveCfg = Release|Any CPU
		{5EC3B851-E654-4370-89EF-9ED1EF0805B9}.Release|x86.Build.0 = Release|Any CPU
		{DDAB69D3-C31F-41F5-B9F5-12C5D89CF419}.Debug|Any CPU.ActiveCfg = Debug|Any CPU
		{DDAB69D3-C31F-41F5-B9F5-12C5D89CF419}.Debug|Any CPU.Build.0 = Debug|Any CPU
		{DDAB69D3-C31F-41F5-B9F5-12C5D89CF419}.Debug|x64.ActiveCfg = Debug|Any CPU
		{DDAB69D3-C31F-41F5-B9F5-12C5D89CF419}.Debug|x64.Build.0 = Debug|Any CPU
		{DDAB69D3-C31F-41F5-B9F5-12C5D89CF419}.Debug|x86.ActiveCfg = Debug|Any CPU
		{DDAB69D3-C31F-41F5-B9F5-12C5D89CF419}.Debug|x86.Build.0 = Debug|Any CPU
		{DDAB69D3-C31F-41F5-B9F5-12C5D89CF419}.Release|Any CPU.ActiveCfg = Release|Any CPU
		{DDAB69D3-C31F-41F5-B9F5-12C5D89CF419}.Release|Any CPU.Build.0 = Release|Any CPU
		{DDAB69D3-C31F-41F5-B9F5-12C5D89CF419}.Release|x64.ActiveCfg = Release|Any CPU
		{DDAB69D3-C31F-41F5-B9F5-12C5D89CF419}.Release|x64.Build.0 = Release|Any CPU
		{DDAB69D3-C31F-41F5-B9F5-12C5D89CF419}.Release|x86.ActiveCfg = Release|Any CPU
		{DDAB69D3-C31F-41F5-B9F5-12C5D89CF419}.Release|x86.Build.0 = Release|Any CPU
	EndGlobalSection
	GlobalSection(SolutionProperties) = preSolution
		HideSolutionNode = FALSE
	EndGlobalSection
EndGlobal
